// !$*UTF8*$!
{
	archiveVersion = 1;
	classes = {
	};
	objectVersion = 56;
	objects = {

/* Begin PBXBuildFile section */
		D21693912A55B7E7007E96C0 /* SplitNavigationSampleApp.swift in Sources */ = {isa = PBXBuildFile; fileRef = D21693902A55B7E7007E96C0 /* SplitNavigationSampleApp.swift */; };
		D21693932A55B7E7007E96C0 /* ContentView.swift in Sources */ = {isa = PBXBuildFile; fileRef = D21693922A55B7E7007E96C0 /* ContentView.swift */; };
		D21693952A55B7E8007E96C0 /* Assets.xcassets in Resources */ = {isa = PBXBuildFile; fileRef = D21693942A55B7E8007E96C0 /* Assets.xcassets */; };
		D21693982A55B7E8007E96C0 /* Preview Assets.xcassets in Resources */ = {isa = PBXBuildFile; fileRef = D21693972A55B7E8007E96C0 /* Preview Assets.xcassets */; };
		D21693A12A55B809007E96C0 /* Cat.swift in Sources */ = {isa = PBXBuildFile; fileRef = D21693A02A55B809007E96C0 /* Cat.swift */; };
		D21693A32A55B830007E96C0 /* Dog.swift in Sources */ = {isa = PBXBuildFile; fileRef = D21693A22A55B830007E96C0 /* Dog.swift */; };
		D21693A52A55B851007E96C0 /* CatDetailView.swift in Sources */ = {isa = PBXBuildFile; fileRef = D21693A42A55B851007E96C0 /* CatDetailView.swift */; };
		D21693A72A55B8C0007E96C0 /* DogDetailView.swift in Sources */ = {isa = PBXBuildFile; fileRef = D21693A62A55B8C0007E96C0 /* DogDetailView.swift */; };
		D21693A92A55B900007E96C0 /* PetShop.swift in Sources */ = {isa = PBXBuildFile; fileRef = D21693A82A55B900007E96C0 /* PetShop.swift */; };
		D21693AB2A55BDFE007E96C0 /* PetShopSplitView.swift in Sources */ = {isa = PBXBuildFile; fileRef = D21693AA2A55BDFE007E96C0 /* PetShopSplitView.swift */; };
		D21693AD2A55BE4E007E96C0 /* SidebarButtons.swift in Sources */ = {isa = PBXBuildFile; fileRef = D21693AC2A55BE4E007E96C0 /* SidebarButtons.swift */; };
		D21693B22A55BEE9007E96C0 /* PetShopNavView.swift in Sources */ = {isa = PBXBuildFile; fileRef = D21693B12A55BEE9007E96C0 /* PetShopNavView.swift */; };
		D21693B42A55C13F007E96C0 /* Bird.swift in Sources */ = {isa = PBXBuildFile; fileRef = D21693B32A55C13F007E96C0 /* Bird.swift */; };
		D21693B62A55C158007E96C0 /* BirdDetailVIew.swift in Sources */ = {isa = PBXBuildFile; fileRef = D21693B52A55C158007E96C0 /* BirdDetailVIew.swift */; };
/* End PBXBuildFile section */

/* Begin PBXFileReference section */
		D216938D2A55B7E7007E96C0 /* SplitNavigationSample.app */ = {isa = PBXFileReference; explicitFileType = wrapper.application; includeInIndex = 0; path = SplitNavigationSample.app; sourceTree = BUILT_PRODUCTS_DIR; };
		D21693902A55B7E7007E96C0 /* SplitNavigationSampleApp.swift */ = {isa = PBXFileReference; lastKnownFileType = sourcecode.swift; path = SplitNavigationSampleApp.swift; sourceTree = "<group>"; };
		D21693922A55B7E7007E96C0 /* ContentView.swift */ = {isa = PBXFileReference; lastKnownFileType = sourcecode.swift; path = ContentView.swift; sourceTree = "<group>"; };
		D21693942A55B7E8007E96C0 /* Assets.xcassets */ = {isa = PBXFileReference; lastKnownFileType = folder.assetcatalog; path = Assets.xcassets; sourceTree = "<group>"; };
		D21693972A55B7E8007E96C0 /* Preview Assets.xcassets */ = {isa = PBXFileReference; lastKnownFileType = folder.assetcatalog; path = "Preview Assets.xcassets"; sourceTree = "<group>"; };
		D21693992A55B7E8007E96C0 /* SplitNavigationSample.entitlements */ = {isa = PBXFileReference; lastKnownFileType = text.plist.entitlements; path = SplitNavigationSample.entitlements; sourceTree = "<group>"; };
		D21693A02A55B809007E96C0 /* Cat.swift */ = {isa = PBXFileReference; lastKnownFileType = sourcecode.swift; path = Cat.swift; sourceTree = "<group>"; };
		D21693A22A55B830007E96C0 /* Dog.swift */ = {isa = PBXFileReference; lastKnownFileType = sourcecode.swift; path = Dog.swift; sourceTree = "<group>"; };
		D21693A42A55B851007E96C0 /* CatDetailView.swift */ = {isa = PBXFileReference; lastKnownFileType = sourcecode.swift; path = CatDetailView.swift; sourceTree = "<group>"; };
		D21693A62A55B8C0007E96C0 /* DogDetailView.swift */ = {isa = PBXFileReference; lastKnownFileType = sourcecode.swift; path = DogDetailView.swift; sourceTree = "<group>"; };
		D21693A82A55B900007E96C0 /* PetShop.swift */ = {isa = PBXFileReference; lastKnownFileType = sourcecode.swift; path = PetShop.swift; sourceTree = "<group>"; };
		D21693AA2A55BDFE007E96C0 /* PetShopSplitView.swift */ = {isa = PBXFileReference; lastKnownFileType = sourcecode.swift; path = PetShopSplitView.swift; sourceTree = "<group>"; };
		D21693AC2A55BE4E007E96C0 /* SidebarButtons.swift */ = {isa = PBXFileReference; lastKnownFileType = sourcecode.swift; path = SidebarButtons.swift; sourceTree = "<group>"; };
		D21693B12A55BEE9007E96C0 /* PetShopNavView.swift */ = {isa = PBXFileReference; lastKnownFileType = sourcecode.swift; path = PetShopNavView.swift; sourceTree = "<group>"; };
		D21693B32A55C13F007E96C0 /* Bird.swift */ = {isa = PBXFileReference; lastKnownFileType = sourcecode.swift; path = Bird.swift; sourceTree = "<group>"; };
		D21693B52A55C158007E96C0 /* BirdDetailVIew.swift */ = {isa = PBXFileReference; lastKnownFileType = sourcecode.swift; path = BirdDetailVIew.swift; sourceTree = "<group>"; };
/* End PBXFileReference section */

/* Begin PBXFrameworksBuildPhase section */
		D216938A2A55B7E7007E96C0 /* Frameworks */ = {
			isa = PBXFrameworksBuildPhase;
			buildActionMask = 2147483647;
			files = (
			);
			runOnlyForDeploymentPostprocessing = 0;
		};
/* End PBXFrameworksBuildPhase section */

/* Begin PBXGroup section */
		D21693842A55B7E7007E96C0 = {
			isa = PBXGroup;
			children = (
				D216938F2A55B7E7007E96C0 /* SplitNavigationSample */,
				D216938E2A55B7E7007E96C0 /* Products */,
			);
			sourceTree = "<group>";
		};
		D216938E2A55B7E7007E96C0 /* Products */ = {
			isa = PBXGroup;
			children = (
				D216938D2A55B7E7007E96C0 /* SplitNavigationSample.app */,
			);
			name = Products;
			sourceTree = "<group>";
		};
		D216938F2A55B7E7007E96C0 /* SplitNavigationSample */ = {
			isa = PBXGroup;
			children = (
				D21693AE2A55BE6C007E96C0 /* Views */,
				D216939F2A55B7F2007E96C0 /* Models */,
				D21693922A55B7E7007E96C0 /* ContentView.swift */,
				D21693902A55B7E7007E96C0 /* SplitNavigationSampleApp.swift */,
				D21693942A55B7E8007E96C0 /* Assets.xcassets */,
				D21693992A55B7E8007E96C0 /* SplitNavigationSample.entitlements */,
				D21693962A55B7E8007E96C0 /* Preview Content */,
			);
			path = SplitNavigationSample;
			sourceTree = "<group>";
		};
		D21693962A55B7E8007E96C0 /* Preview Content */ = {
			isa = PBXGroup;
			children = (
				D21693972A55B7E8007E96C0 /* Preview Assets.xcassets */,
			);
			path = "Preview Content";
			sourceTree = "<group>";
		};
		D216939F2A55B7F2007E96C0 /* Models */ = {
			isa = PBXGroup;
			children = (
				D21693A02A55B809007E96C0 /* Cat.swift */,
				D21693B32A55C13F007E96C0 /* Bird.swift */,
				D21693A22A55B830007E96C0 /* Dog.swift */,
				D21693A82A55B900007E96C0 /* PetShop.swift */,
			);
			path = Models;
			sourceTree = "<group>";
		};
		D21693AE2A55BE6C007E96C0 /* Views */ = {
			isa = PBXGroup;
			children = (
				D21693B02A55BE88007E96C0 /* Components */,
				D21693AA2A55BDFE007E96C0 /* PetShopSplitView.swift */,
				D21693B12A55BEE9007E96C0 /* PetShopNavView.swift */,
				D21693AF2A55BE7F007E96C0 /* Details */,
			);
			path = Views;
			sourceTree = "<group>";
		};
		D21693AF2A55BE7F007E96C0 /* Details */ = {
			isa = PBXGroup;
			children = (
				D21693A62A55B8C0007E96C0 /* DogDetailView.swift */,
				D21693B52A55C158007E96C0 /* BirdDetailVIew.swift */,
				D21693A42A55B851007E96C0 /* CatDetailView.swift */,
			);
			path = Details;
			sourceTree = "<group>";
		};
		D21693B02A55BE88007E96C0 /* Components */ = {
			isa = PBXGroup;
			children = (
				D21693AC2A55BE4E007E96C0 /* SidebarButtons.swift */,
			);
			path = Components;
			sourceTree = "<group>";
		};
/* End PBXGroup section */

/* Begin PBXNativeTarget section */
		D216938C2A55B7E7007E96C0 /* SplitNavigationSample */ = {
			isa = PBXNativeTarget;
			buildConfigurationList = D216939C2A55B7E8007E96C0 /* Build configuration list for PBXNativeTarget "SplitNavigationSample" */;
			buildPhases = (
				D21693892A55B7E7007E96C0 /* Sources */,
				D216938A2A55B7E7007E96C0 /* Frameworks */,
				D216938B2A55B7E7007E96C0 /* Resources */,
			);
			buildRules = (
			);
			dependencies = (
			);
			name = SplitNavigationSample;
			productName = SplitNavigationSample;
			productReference = D216938D2A55B7E7007E96C0 /* SplitNavigationSample.app */;
			productType = "com.apple.product-type.application";
		};
/* End PBXNativeTarget section */

/* Begin PBXProject section */
		D21693852A55B7E7007E96C0 /* Project object */ = {
			isa = PBXProject;
			attributes = {
				BuildIndependentTargetsInParallel = 1;
				LastSwiftUpdateCheck = 1410;
				LastUpgradeCheck = 1410;
				TargetAttributes = {
					D216938C2A55B7E7007E96C0 = {
						CreatedOnToolsVersion = 14.1;
					};
				};
			};
			buildConfigurationList = D21693882A55B7E7007E96C0 /* Build configuration list for PBXProject "SplitNavigationSample" */;
			compatibilityVersion = "Xcode 14.0";
			developmentRegion = en;
			hasScannedForEncodings = 0;
			knownRegions = (
				en,
				Base,
			);
			mainGroup = D21693842A55B7E7007E96C0;
			productRefGroup = D216938E2A55B7E7007E96C0 /* Products */;
			projectDirPath = "";
			projectRoot = "";
			targets = (
				D216938C2A55B7E7007E96C0 /* SplitNavigationSample */,
			);
		};
/* End PBXProject section */

/* Begin PBXResourcesBuildPhase section */
		D216938B2A55B7E7007E96C0 /* Resources */ = {
			isa = PBXResourcesBuildPhase;
			buildActionMask = 2147483647;
			files = (
				D21693982A55B7E8007E96C0 /* Preview Assets.xcassets in Resources */,
				D21693952A55B7E8007E96C0 /* Assets.xcassets in Resources */,
			);
			runOnlyForDeploymentPostprocessing = 0;
		};
/* End PBXResourcesBuildPhase section */

/* Begin PBXSourcesBuildPhase section */
		D21693892A55B7E7007E96C0 /* Sources */ = {
			isa = PBXSourcesBuildPhase;
			buildActionMask = 2147483647;
			files = (
				D21693AD2A55BE4E007E96C0 /* SidebarButtons.swift in Sources */,
				D21693932A55B7E7007E96C0 /* ContentView.swift in Sources */,
				D21693A92A55B900007E96C0 /* PetShop.swift in Sources */,
				D21693B42A55C13F007E96C0 /* Bird.swift in Sources */,
				D21693A52A55B851007E96C0 /* CatDetailView.swift in Sources */,
				D21693B62A55C158007E96C0 /* BirdDetailVIew.swift in Sources */,
				D21693B22A55BEE9007E96C0 /* PetShopNavView.swift in Sources */,
				D21693AB2A55BDFE007E96C0 /* PetShopSplitView.swift in Sources */,
				D21693912A55B7E7007E96C0 /* SplitNavigationSampleApp.swift in Sources */,
				D21693A32A55B830007E96C0 /* Dog.swift in Sources */,
				D21693A72A55B8C0007E96C0 /* DogDetailView.swift in Sources */,
				D21693A12A55B809007E96C0 /* Cat.swift in Sources */,
			);
			runOnlyForDeploymentPostprocessing = 0;
		};
/* End PBXSourcesBuildPhase section */

/* Begin XCBuildConfiguration section */
		D216939A2A55B7E8007E96C0 /* Debug */ = {
			isa = XCBuildConfiguration;
			buildSettings = {
				ALWAYS_SEARCH_USER_PATHS = NO;
				CLANG_ANALYZER_NONNULL = YES;
				CLANG_ANALYZER_NUMBER_OBJECT_CONVERSION = YES_AGGRESSIVE;
				CLANG_CXX_LANGUAGE_STANDARD = "gnu++20";
				CLANG_ENABLE_MODULES = YES;
				CLANG_ENABLE_OBJC_ARC = YES;
				CLANG_ENABLE_OBJC_WEAK = YES;
				CLANG_WARN_BLOCK_CAPTURE_AUTORELEASING = YES;
				CLANG_WARN_BOOL_CONVERSION = YES;
				CLANG_WARN_COMMA = YES;
				CLANG_WARN_CONSTANT_CONVERSION = YES;
				CLANG_WARN_DEPRECATED_OBJC_IMPLEMENTATIONS = YES;
				CLANG_WARN_DIRECT_OBJC_ISA_USAGE = YES_ERROR;
				CLANG_WARN_DOCUMENTATION_COMMENTS = YES;
				CLANG_WARN_EMPTY_BODY = YES;
				CLANG_WARN_ENUM_CONVERSION = YES;
				CLANG_WARN_INFINITE_RECURSION = YES;
				CLANG_WARN_INT_CONVERSION = YES;
				CLANG_WARN_NON_LITERAL_NULL_CONVERSION = YES;
				CLANG_WARN_OBJC_IMPLICIT_RETAIN_SELF = YES;
				CLANG_WARN_OBJC_LITERAL_CONVERSION = YES;
				CLANG_WARN_OBJC_ROOT_CLASS = YES_ERROR;
				CLANG_WARN_QUOTED_INCLUDE_IN_FRAMEWORK_HEADER = YES;
				CLANG_WARN_RANGE_LOOP_ANALYSIS = YES;
				CLANG_WARN_STRICT_PROTOTYPES = YES;
				CLANG_WARN_SUSPICIOUS_MOVE = YES;
				CLANG_WARN_UNGUARDED_AVAILABILITY = YES_AGGRESSIVE;
				CLANG_WARN_UNREACHABLE_CODE = YES;
				CLANG_WARN__DUPLICATE_METHOD_MATCH = YES;
				COPY_PHASE_STRIP = NO;
				DEBUG_INFORMATION_FORMAT = dwarf;
				ENABLE_STRICT_OBJC_MSGSEND = YES;
				ENABLE_TESTABILITY = YES;
				GCC_C_LANGUAGE_STANDARD = gnu11;
				GCC_DYNAMIC_NO_PIC = NO;
				GCC_NO_COMMON_BLOCKS = YES;
				GCC_OPTIMIZATION_LEVEL = 0;
				GCC_PREPROCESSOR_DEFINITIONS = (
					"DEBUG=1",
					"$(inherited)",
				);
				GCC_WARN_64_TO_32_BIT_CONVERSION = YES;
				GCC_WARN_ABOUT_RETURN_TYPE = YES_ERROR;
				GCC_WARN_UNDECLARED_SELECTOR = YES;
				GCC_WARN_UNINITIALIZED_AUTOS = YES_AGGRESSIVE;
				GCC_WARN_UNUSED_FUNCTION = YES;
				GCC_WARN_UNUSED_VARIABLE = YES;
				MACOSX_DEPLOYMENT_TARGET = 13.0;
				MTL_ENABLE_DEBUG_INFO = INCLUDE_SOURCE;
				MTL_FAST_MATH = YES;
				ONLY_ACTIVE_ARCH = YES;
				SDKROOT = macosx;
				SWIFT_ACTIVE_COMPILATION_CONDITIONS = DEBUG;
				SWIFT_OPTIMIZATION_LEVEL = "-Onone";
			};
			name = Debug;
		};
		D216939B2A55B7E8007E96C0 /* Release */ = {
			isa = XCBuildConfiguration;
			buildSettings = {
				ALWAYS_SEARCH_USER_PATHS = NO;
				CLANG_ANALYZER_NONNULL = YES;
				CLANG_ANALYZER_NUMBER_OBJECT_CONVERSION = YES_AGGRESSIVE;
				CLANG_CXX_LANGUAGE_STANDARD = "gnu++20";
				CLANG_ENABLE_MODULES = YES;
				CLANG_ENABLE_OBJC_ARC = YES;
				CLANG_ENABLE_OBJC_WEAK = YES;
				CLANG_WARN_BLOCK_CAPTURE_AUTORELEASING = YES;
				CLANG_WARN_BOOL_CONVERSION = YES;
				CLANG_WARN_COMMA = YES;
				CLANG_WARN_CONSTANT_CONVERSION = YES;
				CLANG_WARN_DEPRECATED_OBJC_IMPLEMENTATIONS = YES;
				CLANG_WARN_DIRECT_OBJC_ISA_USAGE = YES_ERROR;
				CLANG_WARN_DOCUMENTATION_COMMENTS = YES;
				CLANG_WARN_EMPTY_BODY = YES;
				CLANG_WARN_ENUM_CONVERSION = YES;
				CLANG_WARN_INFINITE_RECURSION = YES;
				CLANG_WARN_INT_CONVERSION = YES;
				CLANG_WARN_NON_LITERAL_NULL_CONVERSION = YES;
				CLANG_WARN_OBJC_IMPLICIT_RETAIN_SELF = YES;
				CLANG_WARN_OBJC_LITERAL_CONVERSION = YES;
				CLANG_WARN_OBJC_ROOT_CLASS = YES_ERROR;
				CLANG_WARN_QUOTED_INCLUDE_IN_FRAMEWORK_HEADER = YES;
				CLANG_WARN_RANGE_LOOP_ANALYSIS = YES;
				CLANG_WARN_STRICT_PROTOTYPES = YES;
				CLANG_WARN_SUSPICIOUS_MOVE = YES;
				CLANG_WARN_UNGUARDED_AVAILABILITY = YES_AGGRESSIVE;
				CLANG_WARN_UNREACHABLE_CODE = YES;
				CLANG_WARN__DUPLICATE_METHOD_MATCH = YES;
				COPY_PHASE_STRIP = NO;
				DEBUG_INFORMATION_FORMAT = "dwarf-with-dsym";
				ENABLE_NS_ASSERTIONS = NO;
				ENABLE_STRICT_OBJC_MSGSEND = YES;
				GCC_C_LANGUAGE_STANDARD = gnu11;
				GCC_NO_COMMON_BLOCKS = YES;
				GCC_WARN_64_TO_32_BIT_CONVERSION = YES;
				GCC_WARN_ABOUT_RETURN_TYPE = YES_ERROR;
				GCC_WARN_UNDECLARED_SELECTOR = YES;
				GCC_WARN_UNINITIALIZED_AUTOS = YES_AGGRESSIVE;
				GCC_WARN_UNUSED_FUNCTION = YES;
				GCC_WARN_UNUSED_VARIABLE = YES;
				MACOSX_DEPLOYMENT_TARGET = 13.0;
				MTL_ENABLE_DEBUG_INFO = NO;
				MTL_FAST_MATH = YES;
				SDKROOT = macosx;
				SWIFT_COMPILATION_MODE = wholemodule;
				SWIFT_OPTIMIZATION_LEVEL = "-O";
			};
			name = Release;
		};
		D216939D2A55B7E8007E96C0 /* Debug */ = {
			isa = XCBuildConfiguration;
			buildSettings = {
				ASSETCATALOG_COMPILER_APPICON_NAME = AppIcon;
				ASSETCATALOG_COMPILER_GLOBAL_ACCENT_COLOR_NAME = AccentColor;
				CODE_SIGN_ENTITLEMENTS = SplitNavigationSample/SplitNavigationSample.entitlements;
				CODE_SIGN_STYLE = Automatic;
				COMBINE_HIDPI_IMAGES = YES;
				CURRENT_PROJECT_VERSION = 1;
				DEVELOPMENT_ASSET_PATHS = "\"SplitNavigationSample/Preview Content\"";
				DEVELOPMENT_TEAM = A76BV63T8L;
				ENABLE_HARDENED_RUNTIME = YES;
				ENABLE_PREVIEWS = YES;
				GENERATE_INFOPLIST_FILE = YES;
				INFOPLIST_KEY_NSHumanReadableCopyright = "";
				LD_RUNPATH_SEARCH_PATHS = (
					"$(inherited)",
					"@executable_path/../Frameworks",
				);
				MARKETING_VERSION = 1.0;
				PRODUCT_BUNDLE_IDENTIFIER = photo.lostcause.SplitNavigationSample;
				PRODUCT_NAME = "$(TARGET_NAME)";
				SWIFT_EMIT_LOC_STRINGS = YES;
				SWIFT_VERSION = 5.0;
			};
			name = Debug;
		};
		D216939E2A55B7E8007E96C0 /* Release */ = {
			isa = XCBuildConfiguration;
			buildSettings = {
				ASSETCATALOG_COMPILER_APPICON_NAME = AppIcon;
				ASSETCATALOG_COMPILER_GLOBAL_ACCENT_COLOR_NAME = AccentColor;
				CODE_SIGN_ENTITLEMENTS = SplitNavigationSample/SplitNavigationSample.entitlements;
				CODE_SIGN_STYLE = Automatic;
				COMBINE_HIDPI_IMAGES = YES;
				CURRENT_PROJECT_VERSION = 1;
				DEVELOPMENT_ASSET_PATHS = "\"SplitNavigationSample/Preview Content\"";
				DEVELOPMENT_TEAM = A76BV63T8L;
				ENABLE_HARDENED_RUNTIME = YES;
				ENABLE_PREVIEWS = YES;
				GENERATE_INFOPLIST_FILE = YES;
				INFOPLIST_KEY_NSHumanReadableCopyright = "";
				LD_RUNPATH_SEARCH_PATHS = (
					"$(inherited)",
					"@executable_path/../Frameworks",
				);
				MARKETING_VERSION = 1.0;
				PRODUCT_BUNDLE_IDENTIFIER = photo.lostcause.SplitNavigationSample;
				PRODUCT_NAME = "$(TARGET_NAME)";
				SWIFT_EMIT_LOC_STRINGS = YES;
				SWIFT_VERSION = 5.0;
			};
			name = Release;
		};
/* End XCBuildConfiguration section */

/* Begin XCConfigurationList section */
		D21693882A55B7E7007E96C0 /* Build configuration list for PBXProject "SplitNavigationSample" */ = {
			isa = XCConfigurationList;
			buildConfigurations = (
				D216939A2A55B7E8007E96C0 /* Debug */,
				D216939B2A55B7E8007E96C0 /* Release */,
			);
			defaultConfigurationIsVisible = 0;
			defaultConfigurationName = Release;
		};
		D216939C2A55B7E8007E96C0 /* Build configuration list for PBXNativeTarget "SplitNavigationSample" */ = {
			isa = XCConfigurationList;
			buildConfigurations = (
				D216939D2A55B7E8007E96C0 /* Debug */,
				D216939E2A55B7E8007E96C0 /* Release */,
			);
			defaultConfigurationIsVisible = 0;
			defaultConfigurationName = Release;
		};
/* End XCConfigurationList section */
	};
	rootObject = D21693852A55B7E7007E96C0 /* Project object */;
}
